
Microsoft Visual Studio Solution File, Format Version 12.00
# Visual Studio Version 17
VisualStudioVersion = 17.13.35919.96 d17.13
MinimumVisualStudioVersion = 10.0.40219.1
Project("{FAE04EC0-301F-11D3-BF4B-00C04F79EFBC}") = "tarea 3", "tarea 3\tarea 3.csproj", "{0102B699-EC46-46A0-A2F3-D60A0A549BE7}"
EndProject
Global
	GlobalSection(SolutionConfigurationPlatforms) = preSolution
		Debug|Any CPU = Debug|Any CPU
		Release|Any CPU = Release|Any CPU
	EndGlobalSection
	GlobalSection(ProjectConfigurationPlatforms) = postSolution
		{0102B699-EC46-46A0-A2F3-D60A0A549BE7}.Debug|Any CPU.ActiveCfg = Debug|Any CPU
		{0102B699-EC46-46A0-A2F3-D60A0A549BE7}.Debug|Any CPU.Build.0 = Debug|Any CPU
		{0102B699-EC46-46A0-A2F3-D60A0A549BE7}.Release|Any CPU.ActiveCfg = Release|Any CPU
		{0102B699-EC46-46A0-A2F3-D60A0A549BE7}.Release|Any CPU.Build.0 = Release|Any CPU
	EndGlobalSection
	GlobalSection(SolutionProperties) = preSolution
		HideSolutionNode = FALSE
	EndGlobalSection
	GlobalSection(ExtensibilityGlobals) = postSolution
		SolutionGuid = {AFE0E8DB-9C83-41E6-8AB0-6D346A0E326D}
	EndGlobalSection
EndGlobal
